// !$*UTF8*$!
{
	archiveVersion = 1;
	classes = {
	};
	objectVersion = 56;
	objects = {

/* Begin PBXBuildFile section */
		BE1BF48C2A3F8A8A0086B833 /* BacklogerApp.swift in Sources */ = {isa = PBXBuildFile; fileRef = BE1BF48B2A3F8A8A0086B833 /* BacklogerApp.swift */; };
		BE1BF48E2A3F8A8A0086B833 /* MainView.swift in Sources */ = {isa = PBXBuildFile; fileRef = BE1BF48D2A3F8A8A0086B833 /* MainView.swift */; };
		BE1BF4902A3F8A8B0086B833 /* Assets.xcassets in Resources */ = {isa = PBXBuildFile; fileRef = BE1BF48F2A3F8A8B0086B833 /* Assets.xcassets */; };
		BE1BF4932A3F8A8B0086B833 /* Preview Assets.xcassets in Resources */ = {isa = PBXBuildFile; fileRef = BE1BF4922A3F8A8B0086B833 /* Preview Assets.xcassets */; };
		BE1BF49D2A3F8A8B0086B833 /* BacklogerTests.swift in Sources */ = {isa = PBXBuildFile; fileRef = BE1BF49C2A3F8A8B0086B833 /* BacklogerTests.swift */; };
		BE1BF4A72A3F8A8B0086B833 /* BacklogerUITests.swift in Sources */ = {isa = PBXBuildFile; fileRef = BE1BF4A62A3F8A8B0086B833 /* BacklogerUITests.swift */; };
		BE1BF4A92A3F8A8B0086B833 /* BacklogerUITestsLaunchTests.swift in Sources */ = {isa = PBXBuildFile; fileRef = BE1BF4A82A3F8A8B0086B833 /* BacklogerUITestsLaunchTests.swift */; };
		BE1BF4BA2A40F38B0086B833 /* BacklogItemStructures.swift in Sources */ = {isa = PBXBuildFile; fileRef = BE1BF4B92A40F38B0086B833 /* BacklogItemStructures.swift */; };
		BE1BF4BC2A40F8CB0086B833 /* DayView.swift in Sources */ = {isa = PBXBuildFile; fileRef = BE1BF4BB2A40F8CB0086B833 /* DayView.swift */; };
		BE1BF4BF2A40FCD80086B833 /* ContentView.swift in Sources */ = {isa = PBXBuildFile; fileRef = BE1BF4BE2A40FCD80086B833 /* ContentView.swift */; };
		BE1BF4C12A4113F80086B833 /* logo.png in Resources */ = {isa = PBXBuildFile; fileRef = BE1BF4C02A4113F80086B833 /* logo.png */; };
		BE1BF4C32A41CB4D0086B833 /* ExpandableListItemView.swift in Sources */ = {isa = PBXBuildFile; fileRef = BE1BF4C22A41CB4D0086B833 /* ExpandableListItemView.swift */; };
		BEC671A32A42425100C056F2 /* ShopListView.swift in Sources */ = {isa = PBXBuildFile; fileRef = BEC671A22A42425100C056F2 /* ShopListView.swift */; };
		FC0D0F2A2D4A1001000A1B2C /* AppTheme.swift in Sources */ = {isa = PBXBuildFile; fileRef = FC0D0F292D4A1001000A1B2C /* AppTheme.swift */; };
/* End PBXBuildFile section */

/* Begin PBXContainerItemProxy section */
		BE1BF4992A3F8A8B0086B833 /* PBXContainerItemProxy */ = {
			isa = PBXContainerItemProxy;
			containerPortal = BE1BF4802A3F8A8A0086B833 /* Project object */;
			proxyType = 1;
			remoteGlobalIDString = BE1BF4872A3F8A8A0086B833;
			remoteInfo = Backloger;
		};
		BE1BF4A32A3F8A8B0086B833 /* PBXContainerItemProxy */ = {
			isa = PBXContainerItemProxy;
			containerPortal = BE1BF4802A3F8A8A0086B833 /* Project object */;
			proxyType = 1;
			remoteGlobalIDString = BE1BF4872A3F8A8A0086B833;
			remoteInfo = Backloger;
		};
/* End PBXContainerItemProxy section */

/* Begin PBXFileReference section */
		BE1BF4882A3F8A8A0086B833 /* Backloger.app */ = {isa = PBXFileReference; explicitFileType = wrapper.application; includeInIndex = 0; path = Backloger.app; sourceTree = BUILT_PRODUCTS_DIR; };
		BE1BF48B2A3F8A8A0086B833 /* BacklogerApp.swift */ = {isa = PBXFileReference; lastKnownFileType = sourcecode.swift; path = BacklogerApp.swift; sourceTree = "<group>"; };
		BE1BF48D2A3F8A8A0086B833 /* MainView.swift */ = {isa = PBXFileReference; lastKnownFileType = sourcecode.swift; path = MainView.swift; sourceTree = "<group>"; };
		BE1BF48F2A3F8A8B0086B833 /* Assets.xcassets */ = {isa = PBXFileReference; lastKnownFileType = folder.assetcatalog; path = Assets.xcassets; sourceTree = "<group>"; };
		BE1BF4922A3F8A8B0086B833 /* Preview Assets.xcassets */ = {isa = PBXFileReference; lastKnownFileType = folder.assetcatalog; path = "Preview Assets.xcassets"; sourceTree = "<group>"; };
		BE1BF4982A3F8A8B0086B833 /* BacklogerTests.xctest */ = {isa = PBXFileReference; explicitFileType = wrapper.cfbundle; includeInIndex = 0; path = BacklogerTests.xctest; sourceTree = BUILT_PRODUCTS_DIR; };
		BE1BF49C2A3F8A8B0086B833 /* BacklogerTests.swift */ = {isa = PBXFileReference; lastKnownFileType = sourcecode.swift; path = BacklogerTests.swift; sourceTree = "<group>"; };
		BE1BF4A22A3F8A8B0086B833 /* BacklogerUITests.xctest */ = {isa = PBXFileReference; explicitFileType = wrapper.cfbundle; includeInIndex = 0; path = BacklogerUITests.xctest; sourceTree = BUILT_PRODUCTS_DIR; };
		BE1BF4A62A3F8A8B0086B833 /* BacklogerUITests.swift */ = {isa = PBXFileReference; lastKnownFileType = sourcecode.swift; path = BacklogerUITests.swift; sourceTree = "<group>"; };
		BE1BF4A82A3F8A8B0086B833 /* BacklogerUITestsLaunchTests.swift */ = {isa = PBXFileReference; lastKnownFileType = sourcecode.swift; path = BacklogerUITestsLaunchTests.swift; sourceTree = "<group>"; };
		BE1BF4B92A40F38B0086B833 /* BacklogItemStructures.swift */ = {isa = PBXFileReference; lastKnownFileType = sourcecode.swift; path = BacklogItemStructures.swift; sourceTree = "<group>"; };
		BE1BF4BB2A40F8CB0086B833 /* DayView.swift */ = {isa = PBXFileReference; lastKnownFileType = sourcecode.swift; path = DayView.swift; sourceTree = "<group>"; };
		BE1BF4BE2A40FCD80086B833 /* ContentView.swift */ = {isa = PBXFileReference; lastKnownFileType = sourcecode.swift; path = ContentView.swift; sourceTree = "<group>"; };
		BE1BF4C02A4113F80086B833 /* logo.png */ = {isa = PBXFileReference; lastKnownFileType = image.png; path = logo.png; sourceTree = "<group>"; };
		BE1BF4C22A41CB4D0086B833 /* ExpandableListItemView.swift */ = {isa = PBXFileReference; lastKnownFileType = sourcecode.swift; path = ExpandableListItemView.swift; sourceTree = "<group>"; };
		BEC671A22A42425100C056F2 /* ShopListView.swift */ = {isa = PBXFileReference; lastKnownFileType = sourcecode.swift; path = ShopListView.swift; sourceTree = "<group>"; };
		FC0D0F292D4A1001000A1B2C /* AppTheme.swift */ = {isa = PBXFileReference; lastKnownFileType = sourcecode.swift; path = AppTheme.swift; sourceTree = "<group>"; };
/* End PBXFileReference section */

/* Begin PBXFrameworksBuildPhase section */
		BE1BF4852A3F8A8A0086B833 /* Frameworks */ = {
			isa = PBXFrameworksBuildPhase;
			buildActionMask = 2147483647;
			files = (
			);
			runOnlyForDeploymentPostprocessing = 0;
		};
		BE1BF4952A3F8A8B0086B833 /* Frameworks */ = {
			isa = PBXFrameworksBuildPhase;
			buildActionMask = 2147483647;
			files = (
			);
			runOnlyForDeploymentPostprocessing = 0;
		};
		BE1BF49F2A3F8A8B0086B833 /* Frameworks */ = {
			isa = PBXFrameworksBuildPhase;
			buildActionMask = 2147483647;
			files = (
			);
			runOnlyForDeploymentPostprocessing = 0;
		};
/* End PBXFrameworksBuildPhase section */

/* Begin PBXGroup section */
		BE1BF47F2A3F8A8A0086B833 = {
			isa = PBXGroup;
			children = (
				BE1BF48A2A3F8A8A0086B833 /* Backloger */,
				BE1BF49B2A3F8A8B0086B833 /* BacklogerTests */,
				BE1BF4A52A3F8A8B0086B833 /* BacklogerUITests */,
				BE1BF4892A3F8A8A0086B833 /* Products */,
			);
			sourceTree = "<group>";
		};
		BE1BF4892A3F8A8A0086B833 /* Products */ = {
			isa = PBXGroup;
			children = (
				BE1BF4882A3F8A8A0086B833 /* Backloger.app */,
				BE1BF4982A3F8A8B0086B833 /* BacklogerTests.xctest */,
				BE1BF4A22A3F8A8B0086B833 /* BacklogerUITests.xctest */,
			);
			name = Products;
			sourceTree = "<group>";
		};
		BE1BF48A2A3F8A8A0086B833 /* Backloger */ = {
			isa = PBXGroup;
			children = (
				BE1BF48B2A3F8A8A0086B833 /* BacklogerApp.swift */,
				BE1BF4B92A40F38B0086B833 /* BacklogItemStructures.swift */,
				BE1BF48D2A3F8A8A0086B833 /* MainView.swift */,
				BE1BF4BE2A40FCD80086B833 /* ContentView.swift */,
				BEC671A22A42425100C056F2 /* ShopListView.swift */,
				BE1BF4BB2A40F8CB0086B833 /* DayView.swift */,
				BE1BF4C22A41CB4D0086B833 /* ExpandableListItemView.swift */,
				FC0D0F292D4A1001000A1B2C /* AppTheme.swift */,
				BE1BF48F2A3F8A8B0086B833 /* Assets.xcassets */,
				BE1BF4C02A4113F80086B833 /* logo.png */,
				BE1BF4912A3F8A8B0086B833 /* Preview Content */,
			);
			path = Backloger;
			sourceTree = "<group>";
		};
		BE1BF4912A3F8A8B0086B833 /* Preview Content */ = {
			isa = PBXGroup;
			children = (
				BE1BF4922A3F8A8B0086B833 /* Preview Assets.xcassets */,
			);
			path = "Preview Content";
			sourceTree = "<group>";
		};
		BE1BF49B2A3F8A8B0086B833 /* BacklogerTests */ = {
			isa = PBXGroup;
			children = (
				BE1BF49C2A3F8A8B0086B833 /* BacklogerTests.swift */,
			);
			path = BacklogerTests;
			sourceTree = "<group>";
		};
		BE1BF4A52A3F8A8B0086B833 /* BacklogerUITests */ = {
			isa = PBXGroup;
			children = (
				BE1BF4A62A3F8A8B0086B833 /* BacklogerUITests.swift */,
				BE1BF4A82A3F8A8B0086B833 /* BacklogerUITestsLaunchTests.swift */,
			);
			path = BacklogerUITests;
			sourceTree = "<group>";
		};
/* End PBXGroup section */

/* Begin PBXNativeTarget section */
		BE1BF4872A3F8A8A0086B833 /* Backloger */ = {
			isa = PBXNativeTarget;
			buildConfigurationList = BE1BF4AC2A3F8A8B0086B833 /* Build configuration list for PBXNativeTarget "Backloger" */;
			buildPhases = (
				BE1BF4842A3F8A8A0086B833 /* Sources */,
				BE1BF4852A3F8A8A0086B833 /* Frameworks */,
				BE1BF4862A3F8A8A0086B833 /* Resources */,
			);
			buildRules = (
			);
			dependencies = (
			);
			name = Backloger;
			productName = Backloger;
			productReference = BE1BF4882A3F8A8A0086B833 /* Backloger.app */;
			productType = "com.apple.product-type.application";
		};
		BE1BF4972A3F8A8B0086B833 /* BacklogerTests */ = {
			isa = PBXNativeTarget;
			buildConfigurationList = BE1BF4AF2A3F8A8B0086B833 /* Build configuration list for PBXNativeTarget "BacklogerTests" */;
			buildPhases = (
				BE1BF4942A3F8A8B0086B833 /* Sources */,
				BE1BF4952A3F8A8B0086B833 /* Frameworks */,
				BE1BF4962A3F8A8B0086B833 /* Resources */,
			);
			buildRules = (
			);
			dependencies = (
				BE1BF49A2A3F8A8B0086B833 /* PBXTargetDependency */,
			);
			name = BacklogerTests;
			productName = BacklogerTests;
			productReference = BE1BF4982A3F8A8B0086B833 /* BacklogerTests.xctest */;
			productType = "com.apple.product-type.bundle.unit-test";
		};
		BE1BF4A12A3F8A8B0086B833 /* BacklogerUITests */ = {
			isa = PBXNativeTarget;
			buildConfigurationList = BE1BF4B22A3F8A8B0086B833 /* Build configuration list for PBXNativeTarget "BacklogerUITests" */;
			buildPhases = (
				BE1BF49E2A3F8A8B0086B833 /* Sources */,
				BE1BF49F2A3F8A8B0086B833 /* Frameworks */,
				BE1BF4A02A3F8A8B0086B833 /* Resources */,
			);
			buildRules = (
			);
			dependencies = (
				BE1BF4A42A3F8A8B0086B833 /* PBXTargetDependency */,
			);
			name = BacklogerUITests;
			productName = BacklogerUITests;
			productReference = BE1BF4A22A3F8A8B0086B833 /* BacklogerUITests.xctest */;
			productType = "com.apple.product-type.bundle.ui-testing";
		};
/* End PBXNativeTarget section */

/* Begin PBXProject section */
		BE1BF4802A3F8A8A0086B833 /* Project object */ = {
			isa = PBXProject;
			attributes = {
				BuildIndependentTargetsInParallel = 1;
				LastSwiftUpdateCheck = 1430;
				LastUpgradeCheck = 1430;
				TargetAttributes = {
					BE1BF4872A3F8A8A0086B833 = {
						CreatedOnToolsVersion = 14.3;
					};
					BE1BF4972A3F8A8B0086B833 = {
						CreatedOnToolsVersion = 14.3;
						TestTargetID = BE1BF4872A3F8A8A0086B833;
					};
					BE1BF4A12A3F8A8B0086B833 = {
						CreatedOnToolsVersion = 14.3;
						TestTargetID = BE1BF4872A3F8A8A0086B833;
					};
				};
			};
			buildConfigurationList = BE1BF4832A3F8A8A0086B833 /* Build configuration list for PBXProject "Backloger" */;
			compatibilityVersion = "Xcode 14.0";
			developmentRegion = en;
			hasScannedForEncodings = 0;
			knownRegions = (
				en,
				Base,
			);
			mainGroup = BE1BF47F2A3F8A8A0086B833;
			productRefGroup = BE1BF4892A3F8A8A0086B833 /* Products */;
			projectDirPath = "";
			projectRoot = "";
			targets = (
				BE1BF4872A3F8A8A0086B833 /* Backloger */,
				BE1BF4972A3F8A8B0086B833 /* BacklogerTests */,
				BE1BF4A12A3F8A8B0086B833 /* BacklogerUITests */,
			);
		};
/* End PBXProject section */

/* Begin PBXResourcesBuildPhase section */
		BE1BF4862A3F8A8A0086B833 /* Resources */ = {
			isa = PBXResourcesBuildPhase;
			buildActionMask = 2147483647;
			files = (
				BE1BF4932A3F8A8B0086B833 /* Preview Assets.xcassets in Resources */,
				BE1BF4902A3F8A8B0086B833 /* Assets.xcassets in Resources */,
				BE1BF4C12A4113F80086B833 /* logo.png in Resources */,
			);
			runOnlyForDeploymentPostprocessing = 0;
		};
		BE1BF4962A3F8A8B0086B833 /* Resources */ = {
			isa = PBXResourcesBuildPhase;
			buildActionMask = 2147483647;
			files = (
			);
			runOnlyForDeploymentPostprocessing = 0;
		};
		BE1BF4A02A3F8A8B0086B833 /* Resources */ = {
			isa = PBXResourcesBuildPhase;
			buildActionMask = 2147483647;
			files = (
			);
			runOnlyForDeploymentPostprocessing = 0;
		};
/* End PBXResourcesBuildPhase section */

/* Begin PBXSourcesBuildPhase section */
		BE1BF4842A3F8A8A0086B833 /* Sources */ = {
			isa = PBXSourcesBuildPhase;
			buildActionMask = 2147483647;
			files = (
				BEC671A32A42425100C056F2 /* ShopListView.swift in Sources */,
				BE1BF4BC2A40F8CB0086B833 /* DayView.swift in Sources */,
				BE1BF4BF2A40FCD80086B833 /* ContentView.swift in Sources */,
				BE1BF48E2A3F8A8A0086B833 /* MainView.swift in Sources */,
				BE1BF4BA2A40F38B0086B833 /* BacklogItemStructures.swift in Sources */,
				BE1BF48C2A3F8A8A0086B833 /* BacklogerApp.swift in Sources */,
				BE1BF4C32A41CB4D0086B833 /* ExpandableListItemView.swift in Sources */,
				FC0D0F2A2D4A1001000A1B2C /* AppTheme.swift in Sources */,
			);
			runOnlyForDeploymentPostprocessing = 0;
		};
		BE1BF4942A3F8A8B0086B833 /* Sources */ = {
			isa = PBXSourcesBuildPhase;
			buildActionMask = 2147483647;
			files = (
				BE1BF49D2A3F8A8B0086B833 /* BacklogerTests.swift in Sources */,
			);
			runOnlyForDeploymentPostprocessing = 0;
		};
		BE1BF49E2A3F8A8B0086B833 /* Sources */ = {
			isa = PBXSourcesBuildPhase;
			buildActionMask = 2147483647;
			files = (
				BE1BF4A72A3F8A8B0086B833 /* BacklogerUITests.swift in Sources */,
				BE1BF4A92A3F8A8B0086B833 /* BacklogerUITestsLaunchTests.swift in Sources */,
			);
			runOnlyForDeploymentPostprocessing = 0;
		};
/* End PBXSourcesBuildPhase section */

/* Begin PBXTargetDependency section */
		BE1BF49A2A3F8A8B0086B833 /* PBXTargetDependency */ = {
			isa = PBXTargetDependency;
			target = BE1BF4872A3F8A8A0086B833 /* Backloger */;
			targetProxy = BE1BF4992A3F8A8B0086B833 /* PBXContainerItemProxy */;
		};
		BE1BF4A42A3F8A8B0086B833 /* PBXTargetDependency */ = {
			isa = PBXTargetDependency;
			target = BE1BF4872A3F8A8A0086B833 /* Backloger */;
			targetProxy = BE1BF4A32A3F8A8B0086B833 /* PBXContainerItemProxy */;
		};
/* End PBXTargetDependency section */

/* Begin XCBuildConfiguration section */
		BE1BF4AA2A3F8A8B0086B833 /* Debug */ = {
			isa = XCBuildConfiguration;
			buildSettings = {
				ALWAYS_SEARCH_USER_PATHS = NO;
				CLANG_ANALYZER_NONNULL = YES;
				CLANG_ANALYZER_NUMBER_OBJECT_CONVERSION = YES_AGGRESSIVE;
				CLANG_CXX_LANGUAGE_STANDARD = "gnu++20";
				CLANG_ENABLE_MODULES = YES;
				CLANG_ENABLE_OBJC_ARC = YES;
				CLANG_ENABLE_OBJC_WEAK = YES;
				CLANG_WARN_BLOCK_CAPTURE_AUTORELEASING = YES;
				CLANG_WARN_BOOL_CONVERSION = YES;
				CLANG_WARN_COMMA = YES;
				CLANG_WARN_CONSTANT_CONVERSION = YES;
				CLANG_WARN_DEPRECATED_OBJC_IMPLEMENTATIONS = YES;
				CLANG_WARN_DIRECT_OBJC_ISA_USAGE = YES_ERROR;
				CLANG_WARN_DOCUMENTATION_COMMENTS = YES;
				CLANG_WARN_EMPTY_BODY = YES;
				CLANG_WARN_ENUM_CONVERSION = YES;
				CLANG_WARN_INFINITE_RECURSION = YES;
				CLANG_WARN_INT_CONVERSION = YES;
				CLANG_WARN_NON_LITERAL_NULL_CONVERSION = YES;
				CLANG_WARN_OBJC_IMPLICIT_RETAIN_SELF = YES;
				CLANG_WARN_OBJC_LITERAL_CONVERSION = YES;
				CLANG_WARN_OBJC_ROOT_CLASS = YES_ERROR;
				CLANG_WARN_QUOTED_INCLUDE_IN_FRAMEWORK_HEADER = YES;
				CLANG_WARN_RANGE_LOOP_ANALYSIS = YES;
				CLANG_WARN_STRICT_PROTOTYPES = YES;
				CLANG_WARN_SUSPICIOUS_MOVE = YES;
				CLANG_WARN_UNGUARDED_AVAILABILITY = YES_AGGRESSIVE;
				CLANG_WARN_UNREACHABLE_CODE = YES;
				CLANG_WARN__DUPLICATE_METHOD_MATCH = YES;
				COPY_PHASE_STRIP = NO;
				DEBUG_INFORMATION_FORMAT = dwarf;
				ENABLE_STRICT_OBJC_MSGSEND = YES;
				ENABLE_TESTABILITY = YES;
				GCC_C_LANGUAGE_STANDARD = gnu11;
				GCC_DYNAMIC_NO_PIC = NO;
				GCC_NO_COMMON_BLOCKS = YES;
				GCC_OPTIMIZATION_LEVEL = 0;
				GCC_PREPROCESSOR_DEFINITIONS = (
					"DEBUG=1",
					"$(inherited)",
				);
				GCC_WARN_64_TO_32_BIT_CONVERSION = YES;
				GCC_WARN_ABOUT_RETURN_TYPE = YES_ERROR;
				GCC_WARN_UNDECLARED_SELECTOR = YES;
				GCC_WARN_UNINITIALIZED_AUTOS = YES_AGGRESSIVE;
				GCC_WARN_UNUSED_FUNCTION = YES;
				GCC_WARN_UNUSED_VARIABLE = YES;
				IPHONEOS_DEPLOYMENT_TARGET = 27.0;
				MTL_ENABLE_DEBUG_INFO = INCLUDE_SOURCE;
				MTL_FAST_MATH = YES;
				ONLY_ACTIVE_ARCH = YES;
				SDKROOT = iphoneos;
				SWIFT_ACTIVE_COMPILATION_CONDITIONS = DEBUG;
				SWIFT_OPTIMIZATION_LEVEL = "-Onone";
			};
			name = Debug;
		};
		BE1BF4AB2A3F8A8B0086B833 /* Release */ = {
			isa = XCBuildConfiguration;
			buildSettings = {
				ALWAYS_SEARCH_USER_PATHS = NO;
				CLANG_ANALYZER_NONNULL = YES;
				CLANG_ANALYZER_NUMBER_OBJECT_CONVERSION = YES_AGGRESSIVE;
				CLANG_CXX_LANGUAGE_STANDARD = "gnu++20";
				CLANG_ENABLE_MODULES = YES;
				CLANG_ENABLE_OBJC_ARC = YES;
				CLANG_ENABLE_OBJC_WEAK = YES;
				CLANG_WARN_BLOCK_CAPTURE_AUTORELEASING = YES;
				CLANG_WARN_BOOL_CONVERSION = YES;
				CLANG_WARN_COMMA = YES;
				CLANG_WARN_CONSTANT_CONVERSION = YES;
				CLANG_WARN_DEPRECATED_OBJC_IMPLEMENTATIONS = YES;
				CLANG_WARN_DIRECT_OBJC_ISA_USAGE = YES_ERROR;
				CLANG_WARN_DOCUMENTATION_COMMENTS = YES;
				CLANG_WARN_EMPTY_BODY = YES;
				CLANG_WARN_ENUM_CONVERSION = YES;
				CLANG_WARN_INFINITE_RECURSION = YES;
				CLANG_WARN_INT_CONVERSION = YES;
				CLANG_WARN_NON_LITERAL_NULL_CONVERSION = YES;
				CLANG_WARN_OBJC_IMPLICIT_RETAIN_SELF = YES;
				CLANG_WARN_OBJC_LITERAL_CONVERSION = YES;
				CLANG_WARN_OBJC_ROOT_CLASS = YES_ERROR;
				CLANG_WARN_QUOTED_INCLUDE_IN_FRAMEWORK_HEADER = YES;
				CLANG_WARN_RANGE_LOOP_ANALYSIS = YES;
				CLANG_WARN_STRICT_PROTOTYPES = YES;
				CLANG_WARN_SUSPICIOUS_MOVE = YES;
				CLANG_WARN_UNGUARDED_AVAILABILITY = YES_AGGRESSIVE;
				CLANG_WARN_UNREACHABLE_CODE = YES;
				CLANG_WARN__DUPLICATE_METHOD_MATCH = YES;
				COPY_PHASE_STRIP = NO;
				DEBUG_INFORMATION_FORMAT = "dwarf-with-dsym";
				ENABLE_NS_ASSERTIONS = NO;
				ENABLE_STRICT_OBJC_MSGSEND = YES;
				GCC_C_LANGUAGE_STANDARD = gnu11;
				GCC_NO_COMMON_BLOCKS = YES;
				GCC_WARN_64_TO_32_BIT_CONVERSION = YES;
				GCC_WARN_ABOUT_RETURN_TYPE = YES_ERROR;
				GCC_WARN_UNDECLARED_SELECTOR = YES;
				GCC_WARN_UNINITIALIZED_AUTOS = YES_AGGRESSIVE;
				GCC_WARN_UNUSED_FUNCTION = YES;
				GCC_WARN_UNUSED_VARIABLE = YES;
				IPHONEOS_DEPLOYMENT_TARGET = 27.0;
				MTL_ENABLE_DEBUG_INFO = NO;
				MTL_FAST_MATH = YES;
				SDKROOT = iphoneos;
				SWIFT_COMPILATION_MODE = wholemodule;
				SWIFT_OPTIMIZATION_LEVEL = "-O";
				VALIDATE_PRODUCT = YES;
			};
			name = Release;
		};
		BE1BF4AD2A3F8A8B0086B833 /* Debug */ = {
			isa = XCBuildConfiguration;
			buildSettings = {
				ASSETCATALOG_COMPILER_APPICON_NAME = AppIcon;
				ASSETCATALOG_COMPILER_GLOBAL_ACCENT_COLOR_NAME = AccentColor;
				CODE_SIGN_STYLE = Automatic;
				CURRENT_PROJECT_VERSION = 1;
				DEVELOPMENT_ASSET_PATHS = "\"Backloger/Preview Content\"";
				DEVELOPMENT_TEAM = NYSYGTHN57;
				ENABLE_PREVIEWS = YES;
				GENERATE_INFOPLIST_FILE = YES;
				INFOPLIST_KEY_UIApplicationSceneManifest_Generation = YES;
				INFOPLIST_KEY_UIApplicationSupportsIndirectInputEvents = YES;
				INFOPLIST_KEY_UILaunchScreen_Generation = YES;
				INFOPLIST_KEY_UISupportedInterfaceOrientations_iPad = "UIInterfaceOrientationPortrait UIInterfaceOrientationPortraitUpsideDown UIInterfaceOrientationLandscapeLeft UIInterfaceOrientationLandscapeRight";
				INFOPLIST_KEY_UISupportedInterfaceOrientations_iPhone = "UIInterfaceOrientationPortrait UIInterfaceOrientationLandscapeLeft UIInterfaceOrientationLandscapeRight";
				LD_RUNPATH_SEARCH_PATHS = (
					"$(inherited)",
					"@executable_path/Frameworks",
				);
				MARKETING_VERSION = 1.0;
				PRODUCT_BUNDLE_IDENTIFIER = com.mpast.Backloger;
				PRODUCT_NAME = "$(TARGET_NAME)";
				SUPPORTED_PLATFORMS = "iphoneos iphonesimulator";
				SUPPORTS_MACCATALYST = NO;
				SUPPORTS_MAC_DESIGNED_FOR_IPHONE_IPAD = NO;
				SWIFT_EMIT_LOC_STRINGS = YES;
				SWIFT_VERSION = 5.0;
				TARGETED_DEVICE_FAMILY = "1,2";
			};
			name = Debug;
		};
		BE1BF4AE2A3F8A8B0086B833 /* Release */ = {
			isa = XCBuildConfiguration;
			buildSettings = {
				ASSETCATALOG_COMPILER_APPICON_NAME = AppIcon;
				ASSETCATALOG_COMPILER_GLOBAL_ACCENT_COLOR_NAME = AccentColor;
				CODE_SIGN_STYLE = Automatic;
				CURRENT_PROJECT_VERSION = 1;
				DEVELOPMENT_ASSET_PATHS = "\"Backloger/Preview Content\"";
				DEVELOPMENT_TEAM = NYSYGTHN57;
				ENABLE_PREVIEWS = YES;
				GENERATE_INFOPLIST_FILE = YES;
				INFOPLIST_KEY_UIApplicationSceneManifest_Generation = YES;
				INFOPLIST_KEY_UIApplicationSupportsIndirectInputEvents = YES;
				INFOPLIST_KEY_UILaunchScreen_Generation = YES;
				INFOPLIST_KEY_UISupportedInterfaceOrientations_iPad = "UIInterfaceOrientationPortrait UIInterfaceOrientationPortraitUpsideDown UIInterfaceOrientationLandscapeLeft UIInterfaceOrientationLandscapeRight";
				INFOPLIST_KEY_UISupportedInterfaceOrientations_iPhone = "UIInterfaceOrientationPortrait UIInterfaceOrientationLandscapeLeft UIInterfaceOrientationLandscapeRight";
				LD_RUNPATH_SEARCH_PATHS = (
					"$(inherited)",
					"@executable_path/Frameworks",
				);
				MARKETING_VERSION = 1.0;
				PRODUCT_BUNDLE_IDENTIFIER = com.mpast.Backloger;
				PRODUCT_NAME = "$(TARGET_NAME)";
				SUPPORTED_PLATFORMS = "iphoneos iphonesimulator";
				SUPPORTS_MACCATALYST = NO;
				SUPPORTS_MAC_DESIGNED_FOR_IPHONE_IPAD = NO;
				SWIFT_EMIT_LOC_STRINGS = YES;
				SWIFT_VERSION = 5.0;
				TARGETED_DEVICE_FAMILY = "1,2";
			};
			name = Release;
		};
		BE1BF4B02A3F8A8B0086B833 /* Debug */ = {
			isa = XCBuildConfiguration;
			buildSettings = {
				ALWAYS_EMBED_SWIFT_STANDARD_LIBRARIES = YES;
				BUNDLE_LOADER = "$(TEST_HOST)";
				CODE_SIGN_STYLE = Automatic;
				CURRENT_PROJECT_VERSION = 1;
				DEVELOPMENT_TEAM = NYSYGTHN57;
				GENERATE_INFOPLIST_FILE = YES;
				IPHONEOS_DEPLOYMENT_TARGET = 27.0;
				MARKETING_VERSION = 1.0;
				PRODUCT_BUNDLE_IDENTIFIER = com.mpast.BacklogerTests;
				PRODUCT_NAME = "$(TARGET_NAME)";
				SWIFT_EMIT_LOC_STRINGS = NO;
				SWIFT_VERSION = 5.0;
				TARGETED_DEVICE_FAMILY = "1,2";
				TEST_HOST = "$(BUILT_PRODUCTS_DIR)/Backloger.app/$(BUNDLE_EXECUTABLE_FOLDER_PATH)/Backloger";
			};
			name = Debug;
		};
		BE1BF4B12A3F8A8B0086B833 /* Release */ = {
			isa = XCBuildConfiguration;
			buildSettings = {
				ALWAYS_EMBED_SWIFT_STANDARD_LIBRARIES = YES;
				BUNDLE_LOADER = "$(TEST_HOST)";
				CODE_SIGN_STYLE = Automatic;
				CURRENT_PROJECT_VERSION = 1;
				DEVELOPMENT_TEAM = NYSYGTHN57;
				GENERATE_INFOPLIST_FILE = YES;
				IPHONEOS_DEPLOYMENT_TARGET = 27.0;
				MARKETING_VERSION = 1.0;
				PRODUCT_BUNDLE_IDENTIFIER = com.mpast.BacklogerTests;
				PRODUCT_NAME = "$(TARGET_NAME)";
				SWIFT_EMIT_LOC_STRINGS = NO;
				SWIFT_VERSION = 5.0;
				TARGETED_DEVICE_FAMILY = "1,2";
				TEST_HOST = "$(BUILT_PRODUCTS_DIR)/Backloger.app/$(BUNDLE_EXECUTABLE_FOLDER_PATH)/Backloger";
			};
			name = Release;
		};
		BE1BF4B32A3F8A8B0086B833 /* Debug */ = {
			isa = XCBuildConfiguration;
			buildSettings = {
				ALWAYS_EMBED_SWIFT_STANDARD_LIBRARIES = YES;
				CODE_SIGN_STYLE = Automatic;
				CURRENT_PROJECT_VERSION = 1;
				DEVELOPMENT_TEAM = NYSYGTHN57;
				GENERATE_INFOPLIST_FILE = YES;
				MARKETING_VERSION = 1.0;
				PRODUCT_BUNDLE_IDENTIFIER = com.mpast.BacklogerUITests;
				PRODUCT_NAME = "$(TARGET_NAME)";
				SWIFT_EMIT_LOC_STRINGS = NO;
				SWIFT_VERSION = 5.0;
				TARGETED_DEVICE_FAMILY = "1,2";
				TEST_TARGET_NAME = Backloger;
			};
			name = Debug;
		};
		BE1BF4B42A3F8A8B0086B833 /* Release */ = {
			isa = XCBuildConfiguration;
			buildSettings = {
				ALWAYS_EMBED_SWIFT_STANDARD_LIBRARIES = YES;
				CODE_SIGN_STYLE = Automatic;
				CURRENT_PROJECT_VERSION = 1;
				DEVELOPMENT_TEAM = NYSYGTHN57;
				GENERATE_INFOPLIST_FILE = YES;
				MARKETING_VERSION = 1.0;
				PRODUCT_BUNDLE_IDENTIFIER = com.mpast.BacklogerUITests;
				PRODUCT_NAME = "$(TARGET_NAME)";
				SWIFT_EMIT_LOC_STRINGS = NO;
				SWIFT_VERSION = 5.0;
				TARGETED_DEVICE_FAMILY = "1,2";
				TEST_TARGET_NAME = Backloger;
			};
			name = Release;
		};
/* End XCBuildConfiguration section */

/* Begin XCConfigurationList section */
		BE1BF4832A3F8A8A0086B833 /* Build configuration list for PBXProject "Backloger" */ = {
			isa = XCConfigurationList;
			buildConfigurations = (
				BE1BF4AA2A3F8A8B0086B833 /* Debug */,
				BE1BF4AB2A3F8A8B0086B833 /* Release */,
			);
			defaultConfigurationIsVisible = 0;
			defaultConfigurationName = Release;
		};
		BE1BF4AC2A3F8A8B0086B833 /* Build configuration list for PBXNativeTarget "Backloger" */ = {
			isa = XCConfigurationList;
			buildConfigurations = (
				BE1BF4AD2A3F8A8B0086B833 /* Debug */,
				BE1BF4AE2A3F8A8B0086B833 /* Release */,
			);
			defaultConfigurationIsVisible = 0;
			defaultConfigurationName = Release;
		};
		BE1BF4AF2A3F8A8B0086B833 /* Build configuration list for PBXNativeTarget "BacklogerTests" */ = {
			isa = XCConfigurationList;
			buildConfigurations = (
				BE1BF4B02A3F8A8B0086B833 /* Debug */,
				BE1BF4B12A3F8A8B0086B833 /* Release */,
			);
			defaultConfigurationIsVisible = 0;
			defaultConfigurationName = Release;
		};
		BE1BF4B22A3F8A8B0086B833 /* Build configuration list for PBXNativeTarget "BacklogerUITests" */ = {
			isa = XCConfigurationList;
			buildConfigurations = (
				BE1BF4B32A3F8A8B0086B833 /* Debug */,
				BE1BF4B42A3F8A8B0086B833 /* Release */,
			);
			defaultConfigurationIsVisible = 0;
			defaultConfigurationName = Release;
		};
/* End XCConfigurationList section */
	};
	rootObject = BE1BF4802A3F8A8A0086B833 /* Project object */;
}
